<?xml version="1.0" encoding="utf-8"?>
<Project ToolsVersion="4.0" xmlns="http://schemas.microsoft.com/developer/msbuild/2003">
  <ItemGroup>
    <ClCompile Include="main.cpp" />
    <ClCompile Include="Game.cpp" />
    <ClCompile Include="Player.cpp" />
    <ClCompile Include="Character.cpp" />
    <ClCompile Include="Enemy.cpp">
      <Filter>Enemy</Filter>
    </ClCompile>
    <ClCompile Include="Scene.cpp">
      <Filter>Scene</Filter>
    </ClCompile>
    <ClCompile Include="ScenePlay.cpp">
      <Filter>Scene</Filter>
    </ClCompile>
    <ClCompile Include="SceneTitle.cpp">
      <Filter>Scene</Filter>
    </ClCompile>
    <ClCompile Include="PlayerShot.cpp" />
    <ClCompile Include="Military.cpp" />
    <ClCompile Include="Armoury.cpp" />
    <ClCompile Include="EnemyTorkan.cpp">
      <Filter>Enemy</Filter>
    </ClCompile>
    <ClCompile Include="EnemyBragzakato.cpp">
      <Filter>Enemy</Filter>
    </ClCompile>
    <ClCompile Include="EnemyGaruzakato.cpp">
      <Filter>Enemy</Filter>
    </ClCompile>
    <ClCompile Include="EnemyToroid.cpp">
      <Filter>Enemy</Filter>
    </ClCompile>
    <ClCompile Include="EnemyBozalogram.cpp">
      <Filter>Enemy</Filter>
    </ClCompile>
    <ClCompile Include="EnemyWall.cpp">
      <Filter>Enemy</Filter>
    </ClCompile>
    <ClCompile Include="EnemyData.cpp" />
    <ClCompile Include="EnemyData0.cpp" />
    <ClCompile Include="EnemyExplosion.cpp" />
    <ClCompile Include="SceneResult.cpp">
      <Filter>Scene</Filter>
    </ClCompile>
    <ClCompile Include="Camera.cpp" />
    <ClCompile Include="EnemyBossAttack.cpp">
      <Filter>EnemyBoss</Filter>
    </ClCompile>
    <ClCompile Include="EnemyGaruzakatoAttack.cpp">
      <Filter>Enemy</Filter>
    </ClCompile>
    <ClCompile Include="EnemyBoss2.cpp">
      <Filter>EnemyBoss</Filter>
    </ClCompile>
    <ClCompile Include="EnemyBoss3.cpp">
      <Filter>EnemyBoss</Filter>
    </ClCompile>
    <ClCompile Include="EnemyBoss.cpp">
      <Filter>EnemyBoss</Filter>
    </ClCompile>
  </ItemGroup>
  <ItemGroup>
    <ClInclude Include="Game.h" />
    <ClInclude Include="Player.h" />
    <ClInclude Include="define.h" />
    <ClInclude Include="Character.h" />
    <ClInclude Include="Enemy.h">
      <Filter>Enemy</Filter>
    </ClInclude>
    <ClInclude Include="Scene.h">
      <Filter>Scene</Filter>
    </ClInclude>
    <ClInclude Include="ScenePlay.h">
      <Filter>Scene</Filter>
    </ClInclude>
    <ClInclude Include="SceneTitle.h">
      <Filter>Scene</Filter>
    </ClInclude>
    <ClInclude Include="PlayerShot.h" />
    <ClInclude Include="Military.h" />
    <ClInclude Include="Armoury.h" />
    <ClInclude Include="EnemyTorkan.h">
      <Filter>Enemy</Filter>
    </ClInclude>
    <ClInclude Include="EnemyBozalogram.h">
      <Filter>Enemy</Filter>
    </ClInclude>
    <ClInclude Include="EnemyBragzakato.h">
      <Filter>Enemy</Filter>
    </ClInclude>
    <ClInclude Include="EnemyGaruzakato.h">
      <Filter>Enemy</Filter>
    </ClInclude>
    <ClInclude Include="EnemyToroid.h">
      <Filter>Enemy</Filter>
    </ClInclude>
    <ClInclude Include="EnemyWall.h">
      <Filter>Enemy</Filter>
    </ClInclude>
    <ClInclude Include="EnemyData.h" />
    <ClInclude Include="EnemyData0.h" />
    <ClInclude Include="EnemyExplosion.h" />
    <ClInclude Include="SceneResult.h">
      <Filter>Scene</Filter>
    </ClInclude>
    <ClInclude Include="Camera.h" />
    <ClInclude Include="EnemyBossAttack.h">
      <Filter>EnemyBoss</Filter>
    </ClInclude>
    <ClInclude Include="EnemyGaruzakatoAttack.h">
      <Filter>Enemy</Filter>
    </ClInclude>
    <ClInclude Include="EnemyBoss2.h">
      <Filter>EnemyBoss</Filter>
    </ClInclude>
    <ClInclude Include="EnemyBoss3.h">
      <Filter>EnemyBoss</Filter>
    </ClInclude>
    <ClInclude Include="EnemyBoss.h">
      <Filter>EnemyBoss</Filter>
    </ClInclude>
  </ItemGroup>
  <ItemGroup>
    <Filter Include="Enemy">
      <UniqueIdentifier>{4f73e766-cd3f-4300-b618-5bdcf96c7c2d}</UniqueIdentifier>
    </Filter>
    <Filter Include="Scene">
      <UniqueIdentifier>{c73d55c3-31cd-45d5-acc7-ab05c0b8d240}</UniqueIdentifier>
    </Filter>
    <Filter Include="EnemyBoss">
      <UniqueIdentifier>{e8088fce-850d-4a89-a2bb-e099ddd5102e}</UniqueIdentifier>
    </Filter>
  </ItemGroup>
</Project>